{
  "name": "@guseyn/cutie-buffer",
  "version": "1.0.4",
  "lockfileVersion": 1,
  "requires": true,
  "dependencies": {
    "@guseyn/cutie": {
      "version": "1.3.4",
      "resolved": "https://registry.npmjs.org/@guseyn/cutie/-/cutie-1.3.4.tgz",
      "integrity": "sha512-OqkTFbgkfM4oyw1GkEBt5tIdi/kBS55EXjNfQQse1q65gIdNX5m31qxMeCZSi4pl7x/qZlzfRAIl4rYD7FU16w=="
    }
  }
}
