{
  "name": "@guseyn/cutie-buffer",
  "version": "1.0.0",
  "lockfileVersion": 1,
  "requires": true,
  "dependencies": {
    "@guseyn/cutie": {
      "version": "1.2.8",
      "resolved": "https://registry.npmjs.org/@guseyn/cutie/-/cutie-1.2.8.tgz",
      "integrity": "sha512-1jA7blR2YcR1qv2cBlglbuszibX9Exb6s2+CY/ohGxES20pLBcXLGtuqKfOCfnGy/LzLzUD8hBI76i22Gx5aoQ=="
    }
  }
}
